
Microsoft Visual Studio Solution File, Format Version 12.00
# Visual Studio 15
VisualStudioVersion = 15.0.27130.2020
MinimumVisualStudioVersion = 10.0.40219.1
Project("{F2A71F9B-5D33-465A-A702-920D77279786}") = "WebSharper.Owin.WebSocket", "WebSharper.Owin.WebSocket\WebSharper.Owin.WebSocket.fsproj", "{7561E844-3C13-446E-BBF0-000C0030CF9E}"
EndProject
Project("{F2A71F9B-5D33-465A-A702-920D77279786}") = "WebSharper.Owin.WebSocket.Test", "WebSharper.Owin.WebSocket.Test\WebSharper.Owin.WebSocket.Test.fsproj", "{97185975-8B4B-4814-938B-21BCE50A8875}"
EndProject
Project("{F2A71F9B-5D33-465A-A702-920D77279786}") = "WebSharper.Owin.WebSocket.AspNet.Test", "WebSharper.Owin.WebSocket.AspNet.Test\WebSharper.Owin.WebSocket.AspNet.Test.fsproj", "{97A76E2F-C8E8-4E41-ADD4-58580C9D48FE}"
EndProject
Global
	GlobalSection(SolutionConfigurationPlatforms) = preSolution
		Debug|Any CPU = Debug|Any CPU
		Release|Any CPU = Release|Any CPU
	EndGlobalSection
	GlobalSection(ProjectConfigurationPlatforms) = postSolution
		{7561E844-3C13-446E-BBF0-000C0030CF9E}.Debug|Any CPU.ActiveCfg = Debug|Any CPU
		{7561E844-3C13-446E-BBF0-000C0030CF9E}.Debug|Any CPU.Build.0 = Debug|Any CPU
		{7561E844-3C13-446E-BBF0-000C0030CF9E}.Release|Any CPU.ActiveCfg = Release|Any CPU
		{7561E844-3C13-446E-BBF0-000C0030CF9E}.Release|Any CPU.Build.0 = Release|Any CPU
		{97185975-8B4B-4814-938B-21BCE50A8875}.Debug|Any CPU.ActiveCfg = Debug|Any CPU
		{97185975-8B4B-4814-938B-21BCE50A8875}.Debug|Any CPU.Build.0 = Debug|Any CPU
		{97185975-8B4B-4814-938B-21BCE50A8875}.Release|Any CPU.ActiveCfg = Release|Any CPU
		{97185975-8B4B-4814-938B-21BCE50A8875}.Release|Any CPU.Build.0 = Release|Any CPU
		{97A76E2F-C8E8-4E41-ADD4-58580C9D48FE}.Debug|Any CPU.ActiveCfg = Debug|Any CPU
		{97A76E2F-C8E8-4E41-ADD4-58580C9D48FE}.Debug|Any CPU.Build.0 = Debug|Any CPU
		{97A76E2F-C8E8-4E41-ADD4-58580C9D48FE}.Release|Any CPU.ActiveCfg = Release|Any CPU
		{97A76E2F-C8E8-4E41-ADD4-58580C9D48FE}.Release|Any CPU.Build.0 = Release|Any CPU
	EndGlobalSection
	GlobalSection(SolutionProperties) = preSolution
		HideSolutionNode = FALSE
	EndGlobalSection
	GlobalSection(ExtensibilityGlobals) = postSolution
		SolutionGuid = {1593BEFE-CF95-4CC1-8133-4FCDC1D4E37A}
	EndGlobalSection
EndGlobal
